
Microsoft Visual Studio Solution File, Format Version 12.00
# Visual Studio 2013
VisualStudioVersion = 12.0.31101.0
MinimumVisualStudioVersion = 10.0.40219.1
Project("{FAE04EC0-301F-11D3-BF4B-00C04F79EFBC}") = "AstroFlare", "AstroFlare\AstroFlare\AstroFlare.csproj", "{6B16630A-E36A-48C7-A952-FFEA8F7E3618}"
EndProject
Global
	GlobalSection(SolutionConfigurationPlatforms) = preSolution
		Debug|Any CPU = Debug|Any CPU
		Debug|Windows Phone = Debug|Windows Phone
		Release|Any CPU = Release|Any CPU
		Release|Windows Phone = Release|Windows Phone
	EndGlobalSection
	GlobalSection(ProjectConfigurationPlatforms) = postSolution
		{6B16630A-E36A-48C7-A952-FFEA8F7E3618}.Debug|Any CPU.ActiveCfg = Debug|Windows Phone
		{6B16630A-E36A-48C7-A952-FFEA8F7E3618}.Debug|Windows Phone.ActiveCfg = Debug|Windows Phone
		{6B16630A-E36A-48C7-A952-FFEA8F7E3618}.Debug|Windows Phone.Build.0 = Debug|Windows Phone
		{6B16630A-E36A-48C7-A952-FFEA8F7E3618}.Debug|Windows Phone.Deploy.0 = Debug|Windows Phone
		{6B16630A-E36A-48C7-A952-FFEA8F7E3618}.Release|Any CPU.ActiveCfg = Release|Windows Phone
		{6B16630A-E36A-48C7-A952-FFEA8F7E3618}.Release|Windows Phone.ActiveCfg = Release|Windows Phone
		{6B16630A-E36A-48C7-A952-FFEA8F7E3618}.Release|Windows Phone.Build.0 = Release|Windows Phone
		{6B16630A-E36A-48C7-A952-FFEA8F7E3618}.Release|Windows Phone.Deploy.0 = Release|Windows Phone
	EndGlobalSection
	GlobalSection(SolutionProperties) = preSolution
		HideSolutionNode = FALSE
	EndGlobalSection
EndGlobal
